
Microsoft Visual Studio Solution File, Format Version 12.00
# Visual Studio Version 16
VisualStudioVersion = 16.0.31409.214
MinimumVisualStudioVersion = 10.0.40219.1
Project("{9A19103F-16F7-4668-BE54-9A1E7A4F7556}") = "CoolSpaceProject", "CoolSpaceProject\CoolSpaceProject.csproj", "{D27D1065-A998-45F4-ADCF-98A7CAFB7E06}"
EndProject
Global
	GlobalSection(SolutionConfigurationPlatforms) = preSolution
		Debug|Any CPU = Debug|Any CPU
		Release|Any CPU = Release|Any CPU
	EndGlobalSection
	GlobalSection(ProjectConfigurationPlatforms) = postSolution
		{D27D1065-A998-45F4-ADCF-98A7CAFB7E06}.Debug|Any CPU.ActiveCfg = Debug|Any CPU
		{D27D1065-A998-45F4-ADCF-98A7CAFB7E06}.Debug|Any CPU.Build.0 = Debug|Any CPU
		{D27D1065-A998-45F4-ADCF-98A7CAFB7E06}.Release|Any CPU.ActiveCfg = Release|Any CPU
		{D27D1065-A998-45F4-ADCF-98A7CAFB7E06}.Release|Any CPU.Build.0 = Release|Any CPU
	EndGlobalSection
	GlobalSection(SolutionProperties) = preSolution
		HideSolutionNode = FALSE
	EndGlobalSection
	GlobalSection(ExtensibilityGlobals) = postSolution
		SolutionGuid = {18969B58-5126-4DCF-A91B-A74421F5B634}
	EndGlobalSection
EndGlobal
